
Microsoft Visual Studio Solution File, Format Version 12.00
# Visual Studio 15
VisualStudioVersion = 15.0.28307.421
MinimumVisualStudioVersion = 10.0.40219.1
Project("{9A19103F-16F7-4668-BE54-9A1E7A4F7556}") = "RaceApp", "RaceApp\RaceApp.csproj", "{2D829436-7CA1-474C-81CB-11CE42E1218F}"
EndProject
Project("{FAE04EC0-301F-11D3-BF4B-00C04F79EFBC}") = "RaceApp.Test1", "RaceApp.Test1\RaceApp.Test1.csproj", "{ECBE46E7-9172-4CDC-8A8B-0775BFC56B39}"
EndProject
Global
	GlobalSection(SolutionConfigurationPlatforms) = preSolution
		Debug|Any CPU = Debug|Any CPU
		Release|Any CPU = Release|Any CPU
	EndGlobalSection
	GlobalSection(ProjectConfigurationPlatforms) = postSolution
		{2D829436-7CA1-474C-81CB-11CE42E1218F}.Debug|Any CPU.ActiveCfg = Debug|Any CPU
		{2D829436-7CA1-474C-81CB-11CE42E1218F}.Debug|Any CPU.Build.0 = Debug|Any CPU
		{2D829436-7CA1-474C-81CB-11CE42E1218F}.Release|Any CPU.ActiveCfg = Release|Any CPU
		{2D829436-7CA1-474C-81CB-11CE42E1218F}.Release|Any CPU.Build.0 = Release|Any CPU
		{ECBE46E7-9172-4CDC-8A8B-0775BFC56B39}.Debug|Any CPU.ActiveCfg = Debug|Any CPU
		{ECBE46E7-9172-4CDC-8A8B-0775BFC56B39}.Debug|Any CPU.Build.0 = Debug|Any CPU
		{ECBE46E7-9172-4CDC-8A8B-0775BFC56B39}.Release|Any CPU.ActiveCfg = Release|Any CPU
		{ECBE46E7-9172-4CDC-8A8B-0775BFC56B39}.Release|Any CPU.Build.0 = Release|Any CPU
	EndGlobalSection
	GlobalSection(SolutionProperties) = preSolution
		HideSolutionNode = FALSE
	EndGlobalSection
	GlobalSection(ExtensibilityGlobals) = postSolution
		SolutionGuid = {12358CE6-1477-44FB-AA0A-D1D521EEF241}
	EndGlobalSection
EndGlobal
